{
  "object": {
    "pins": [
      {
        "package": "Command",
        "repositoryURL": "https://github.com/ITzTravelInTime/Command",
        "state": {
          "branch": null,
          "revision": "3ed89c1485542f34333e983949e1820180ae473e",
          "version": "2.1.0"
        }
      },
      {
        "package": "SwiftLoggedPrint",
        "repositoryURL": "https://github.com/ITzTravelInTime/SwiftLoggedPrint",
        "state": {
          "branch": null,
          "revision": "e2cd16cdde8f1c7a91ed76ef01b8ac1a5d72dedd",
          "version": "2.2.1"
        }
      }
    ]
  },
  "version": 1
}
