{
  "object": {
    "pins": [
      {
        "package": "Command",
        "repositoryURL": "https://github.com/ITzTravelInTime/Command",
        "state": {
          "branch": null,
          "revision": "15c1940237f76097d456ab4d7ce549b61e060ccb",
          "version": "2.0.5"
        }
      },
      {
        "package": "SwiftCPUDetect",
        "repositoryURL": "https://github.com/ITzTravelInTime/SwiftCPUDetect",
        "state": {
          "branch": null,
          "revision": "60fe602eb74fee2692b1eb4633890e5957fffcd0",
          "version": "1.1.0"
        }
      },
      {
        "package": "SwiftLoggedPrint",
        "repositoryURL": "https://github.com/ITzTravelInTime/SwiftLoggedPrint",
        "state": {
          "branch": null,
          "revision": "e2cd16cdde8f1c7a91ed76ef01b8ac1a5d72dedd",
          "version": "2.2.1"
        }
      }
    ]
  },
  "version": 1
}
